#MicroXplorer Configuration settings - do not modify
CAD.formats=
CAD.pinconfig=
CAD.provider=
Dma.Request0=SAI1_A
Dma.RequestsNb=1
Dma.SAI1_A.0.Direction=DMA_PERIPH_TO_MEMORY
Dma.SAI1_A.0.EventEnable=DISABLE
Dma.SAI1_A.0.Instance=DMA1_Channel1
Dma.SAI1_A.0.MemDataAlignment=DMA_MDATAALIGN_HALFWORD
Dma.SAI1_A.0.MemInc=DMA_MINC_ENABLE
Dma.SAI1_A.0.Mode=DMA_NORMAL
Dma.SAI1_A.0.PeriphDataAlignment=DMA_PDATAALIGN_HALFWORD
Dma.SAI1_A.0.PeriphInc=DMA_PINC_DISABLE
Dma.SAI1_A.0.Polarity=HAL_DMAMUX_REQUEST_GEN_RISING
Dma.SAI1_A.0.Priority=DMA_PRIORITY_MEDIUM
Dma.SAI1_A.0.RequestNumber=1
Dma.SAI1_A.0.RequestParameters=Instance,Direction,PeriphInc,MemInc,PeriphDataAlignment,MemDataAlignment,Mode,Priority,SignalID,Polarity,RequestNumber,SyncSignalID,SyncPolarity,SyncEnable,EventEnable,SyncRequestNumber
Dma.SAI1_A.0.SignalID=NONE
Dma.SAI1_A.0.SyncEnable=DISABLE
Dma.SAI1_A.0.SyncPolarity=HAL_DMAMUX_SYNC_NO_EVENT
Dma.SAI1_A.0.SyncRequestNumber=1
Dma.SAI1_A.0.SyncSignalID=NONE
File.Version=6
GPIO.groupedBy=Group By Peripherals
KeepUserPlacement=false
LPUART1.BaudRate=115200
LPUART1.IPParameters=BaudRate,WordLength,StopBits
LPUART1.StopBits=UART_STOPBITS_2
LPUART1.WordLength=UART_WORDLENGTH_8B
Mcu.CPN=STM32L4R5ZIT6
Mcu.Family=STM32L4
Mcu.IP0=DMA
Mcu.IP1=LPUART1
Mcu.IP2=NVIC
Mcu.IP3=RCC
Mcu.IP4=SAI1
Mcu.IP5=SYS
Mcu.IP6=TIM16
Mcu.IP7=USART3
Mcu.IP8=USB_OTG_FS
Mcu.IPNb=9
Mcu.Name=STM32L4R5Z(G-I)Tx
Mcu.Package=LQFP144
Mcu.Pin0=PE4
Mcu.Pin1=PE5
Mcu.Pin10=PD9
Mcu.Pin11=PG5
Mcu.Pin12=PG6
Mcu.Pin13=PG7
Mcu.Pin14=PG8
Mcu.Pin15=PA8
Mcu.Pin16=PA9
Mcu.Pin17=PA10
Mcu.Pin18=PA11
Mcu.Pin19=PA12
Mcu.Pin2=PE6
Mcu.Pin20=PA13 (JTMS/SWDIO)
Mcu.Pin21=PA14 (JTCK/SWCLK)
Mcu.Pin22=PB3 (JTDO/TRACESWO)
Mcu.Pin23=PB7
Mcu.Pin24=PB8
Mcu.Pin25=VP_SAI1_VP_$IpInstance_SAIA_SAI_BASIC
Mcu.Pin26=VP_SYS_VS_Systick
Mcu.Pin27=VP_TIM16_VS_ClockSourceINT
Mcu.Pin28=VP_STMicroelectronics.X-CUBE-AI_VS_ArtificialOoIntelligenceJjXAaCUBEAaAI_9.1.0
Mcu.Pin3=PC13
Mcu.Pin4=PC14-OSC32_IN (PC14)
Mcu.Pin5=PC15-OSC32_OUT (PC15)
Mcu.Pin6=PH0-OSC_IN (PH0)
Mcu.Pin7=PH1-OSC_OUT (PH1)
Mcu.Pin8=PB14
Mcu.Pin9=PD8
Mcu.PinsNb=29
Mcu.ThirdParty0=STMicroelectronics.X-CUBE-AI.9.1.0
Mcu.ThirdPartyNb=1
Mcu.UserConstants=
Mcu.UserName=STM32L4R5ZITx
MxCube.Version=6.12.0
MxDb.Version=DB.6.0.120
NVIC.BusFault_IRQn=true\:0\:0\:false\:false\:true\:true\:false\:false
NVIC.DMA1_Channel1_IRQn=true\:0\:0\:false\:false\:true\:false\:true\:true
NVIC.DebugMonitor_IRQn=true\:0\:0\:false\:false\:true\:true\:false\:false
NVIC.ForceEnableDMAVector=true
NVIC.HardFault_IRQn=true\:0\:0\:false\:false\:true\:true\:false\:false
NVIC.MemoryManagement_IRQn=true\:0\:0\:false\:false\:true\:true\:false\:false
NVIC.NonMaskableInt_IRQn=true\:0\:0\:false\:false\:true\:true\:false\:false
NVIC.PendSV_IRQn=true\:0\:0\:false\:false\:true\:true\:false\:false
NVIC.PriorityGroup=NVIC_PRIORITYGROUP_4
NVIC.SAI1_IRQn=true\:0\:0\:false\:false\:true\:true\:true\:true
NVIC.SVCall_IRQn=true\:0\:0\:false\:false\:true\:true\:false\:false
NVIC.SysTick_IRQn=true\:0\:0\:false\:false\:true\:true\:true\:false
NVIC.UsageFault_IRQn=true\:0\:0\:false\:false\:true\:true\:false\:false
PA10.GPIOParameters=GPIO_Label
PA10.GPIO_Label=USB_ID
PA10.Locked=true
PA10.Signal=USB_OTG_FS_ID
PA11.GPIOParameters=GPIO_Label
PA11.GPIO_Label=USB_DM
PA11.Locked=true
PA11.Mode=Device_Only
PA11.Signal=USB_OTG_FS_DM
PA12.GPIOParameters=GPIO_Label
PA12.GPIO_Label=USB_DP
PA12.Locked=true
PA12.Mode=Device_Only
PA12.Signal=USB_OTG_FS_DP
PA13\ (JTMS/SWDIO).GPIOParameters=GPIO_Label
PA13\ (JTMS/SWDIO).GPIO_Label=TMS
PA13\ (JTMS/SWDIO).Locked=true
PA13\ (JTMS/SWDIO).Mode=Trace_Asynchronous_SW
PA13\ (JTMS/SWDIO).Signal=SYS_JTMS-SWDIO
PA14\ (JTCK/SWCLK).GPIOParameters=GPIO_Label
PA14\ (JTCK/SWCLK).GPIO_Label=TCK
PA14\ (JTCK/SWCLK).Locked=true
PA14\ (JTCK/SWCLK).Mode=Trace_Asynchronous_SW
PA14\ (JTCK/SWCLK).Signal=SYS_JTCK-SWCLK
PA8.GPIOParameters=GPIO_Label
PA8.GPIO_Label=USB_SOF [TP1]
PA8.Locked=true
PA8.Mode=Activate_SOF_FS
PA8.Signal=USB_OTG_FS_SOF
PA9.GPIOParameters=GPIO_Label
PA9.GPIO_Label=USB_VBUS
PA9.Locked=true
PA9.Mode=Activate_VBUS
PA9.Signal=USB_OTG_FS_VBUS
PB14.GPIOParameters=GPIO_Label
PB14.GPIO_Label=LD3 [Red]
PB14.Locked=true
PB14.Signal=GPIO_Output
PB3\ (JTDO/TRACESWO).GPIOParameters=GPIO_Label
PB3\ (JTDO/TRACESWO).GPIO_Label=SWO
PB3\ (JTDO/TRACESWO).Locked=true
PB3\ (JTDO/TRACESWO).Mode=Trace_Asynchronous_SW
PB3\ (JTDO/TRACESWO).Signal=SYS_JTDO-SWO
PB7.GPIOParameters=GPIO_Label
PB7.GPIO_Label=LD2 [Blue]
PB7.Locked=true
PB7.Signal=GPIO_Output
PB8.GPIOParameters=PinState,GPIO_Label
PB8.GPIO_Label=WW_DETECTED
PB8.Locked=true
PB8.PinState=GPIO_PIN_SET
PB8.Signal=GPIO_Output
PC13.GPIOParameters=GPIO_Label
PC13.GPIO_Label=B1
PC13.Locked=true
PC13.Signal=GPXTI13
PC14-OSC32_IN\ (PC14).Locked=true
PC14-OSC32_IN\ (PC14).Mode=LSE-External-Oscillator
PC14-OSC32_IN\ (PC14).Signal=RCC_OSC32_IN
PC15-OSC32_OUT\ (PC15).Locked=true
PC15-OSC32_OUT\ (PC15).Mode=LSE-External-Oscillator
PC15-OSC32_OUT\ (PC15).Signal=RCC_OSC32_OUT
PD8.GPIOParameters=GPIO_Label
PD8.GPIO_Label=STLK_RX [STM32F103CBT6_PA3]
PD8.Locked=true
PD8.Mode=Asynchronous
PD8.Signal=USART3_TX
PD9.GPIOParameters=GPIO_Label
PD9.GPIO_Label=STLK_TX [STM32F103CBT6_PA2]
PD9.Locked=true
PD9.Mode=Asynchronous
PD9.Signal=USART3_RX
PE4.GPIOParameters=GPIO_PuPd
PE4.GPIO_PuPd=GPIO_PULLUP
PE4.Mode=SAI_A_AsyncSlave
PE4.Signal=SAI1_FS_A
PE5.GPIOParameters=GPIO_PuPd
PE5.GPIO_PuPd=GPIO_PULLUP
PE5.Mode=SAI_A_AsyncSlave
PE5.Signal=SAI1_SCK_A
PE6.GPIOParameters=GPIO_PuPd
PE6.GPIO_PuPd=GPIO_PULLUP
PE6.Mode=SAI_A_AsyncSlave
PE6.Signal=SAI1_SD_A
PG5.GPIOParameters=GPIO_Label
PG5.GPIO_Label=USB_OverCurrent [STMPS2151STR_FAULT]
PG5.Locked=true
PG5.Signal=GPIO_Input
PG6.GPIOParameters=GPIO_Label
PG6.GPIO_Label=USB_PowerSwitchOn [STMPS2151STR_EN]
PG6.Locked=true
PG6.Signal=GPIO_Output
PG7.GPIOParameters=GPIO_Label
PG7.GPIO_Label=STLINK_TX
PG7.Locked=true
PG7.Mode=Asynchronous
PG7.Signal=LPUART1_TX
PG8.GPIOParameters=GPIO_Label
PG8.GPIO_Label=STLINK_RX
PG8.Locked=true
PG8.Mode=Asynchronous
PG8.Signal=LPUART1_RX
PH0-OSC_IN\ (PH0).Locked=true
PH0-OSC_IN\ (PH0).Signal=RCC_OSC_IN
PH1-OSC_OUT\ (PH1).Locked=true
PH1-OSC_OUT\ (PH1).Signal=RCC_OSC_OUT
PinOutPanel.RotationAngle=0
ProjectManager.AskForMigrate=true
ProjectManager.BackupPrevious=false
ProjectManager.CompilerOptimize=6
ProjectManager.ComputerToolchain=false
ProjectManager.CoupleFile=false
ProjectManager.CustomerFirmwarePackage=
ProjectManager.DefaultFWLocation=true
ProjectManager.DeletePrevious=true
ProjectManager.DeviceId=STM32L4R5ZITx
ProjectManager.FirmwarePackage=STM32Cube FW_L4 V1.18.1
ProjectManager.FreePins=false
ProjectManager.HalAssertFull=false
ProjectManager.HeapSize=0x800
ProjectManager.KeepUserCode=true
ProjectManager.LastFirmware=true
ProjectManager.LibraryCopy=1
ProjectManager.MainLocation=Core/Src
ProjectManager.NoMain=false
ProjectManager.PreviousToolchain=STM32CubeIDE
ProjectManager.ProjectBuild=false
ProjectManager.ProjectFileName=sww_ref_l4r5zi.ioc
ProjectManager.ProjectName=sww_ref_l4r5zi
ProjectManager.ProjectStructure=
ProjectManager.RegisterCallBack=
ProjectManager.StackSize=0x800
ProjectManager.TargetToolchain=STM32CubeIDE
ProjectManager.ToolChainLocation=
ProjectManager.UAScriptAfterPath=
ProjectManager.UAScriptBeforePath=
ProjectManager.UnderRoot=true
ProjectManager.functionlistsort=1-SystemClock_Config-RCC-false-HAL-false,2-MX_GPIO_Init-GPIO-false-HAL-true,3-MX_DMA_Init-DMA-false-HAL-true,4-MX_LPUART1_UART_Init-LPUART1-false-HAL-true,5-MX_USART3_UART_Init-USART3-false-HAL-true,6-MX_USB_OTG_FS_PCD_Init-USB_OTG_FS-false-HAL-true,7-MX_SAI1_Init-SAI1-false-HAL-true,8-MX_TIM16_Init-TIM16-false-HAL-true
RCC.48MHZClocksFreq_Value=24000000
RCC.ADC12outputFreq_Value=72000000
RCC.ADC34outputFreq_Value=72000000
RCC.ADCFreq_Value=96000000
RCC.AHBFreq_Value=120000000
RCC.APB1CLKDivider=RCC_HCLK_DIV2
RCC.APB1Freq_Value=60000000
RCC.APB1TimFreq_Value=120000000
RCC.APB2Freq_Value=120000000
RCC.APB2TimFreq_Value=120000000
RCC.CK48CLockSelection=RCC_USBCLKSOURCE_HSI48
RCC.CRSFreq_Value=48000000
RCC.CortexFreq_Value=120000000
RCC.DFSDM2Freq_Value=16000000
RCC.DFSDMAudioFreq_Value=4000000
RCC.DFSDMFreq_Value=60000000
RCC.DSIFreq_Value=20000000
RCC.DSITXEscFreq_Value=5000000
RCC.EthernetFreq_Value=8000000
RCC.FCLKCortexFreq_Value=120000000
RCC.FMPI2C1Freq_Value=8000000
RCC.FamilyName=M
RCC.HCLKFreq_Value=120000000
RCC.HSE_VALUE=8000000
RCC.HSI48_VALUE=48000000
RCC.HSI_VALUE=16000000
RCC.I2C1Freq_Value=60000000
RCC.I2C2Freq_Value=60000000
RCC.I2C3Freq_Value=60000000
RCC.I2C4Freq_Value=60000000
RCC.I2S1Freq_Value=96000000
RCC.I2S2Freq_Value=96000000
RCC.I2SClocksFreq_Value=48000000
RCC.IPParameters=48MHZClocksFreq_Value,ADC12outputFreq_Value,ADC34outputFreq_Value,ADCFreq_Value,AHBFreq_Value,APB1CLKDivider,APB1Freq_Value,APB1TimFreq_Value,APB2Freq_Value,APB2TimFreq_Value,CK48CLockSelection,CRSFreq_Value,CortexFreq_Value,DFSDM2Freq_Value,DFSDMAudioFreq_Value,DFSDMFreq_Value,DSIFreq_Value,DSITXEscFreq_Value,EthernetFreq_Value,FCLKCortexFreq_Value,FMPI2C1Freq_Value,FamilyName,HCLKFreq_Value,HSE_VALUE,HSI48_VALUE,HSI_VALUE,I2C1Freq_Value,I2C2Freq_Value,I2C3Freq_Value,I2C4Freq_Value,I2S1Freq_Value,I2S2Freq_Value,I2SClocksFreq_Value,LCDTFTFreq_Value,LPTIM1Freq_Value,LPTIM2Freq_Value,LPTimerFreq_Value,LPUART1Freq_Value,LSCOPinFreq_Value,LSI_VALUE,MCO1PinFreq_Value,MCO2PinFreq_Value,MCOFreq_Value,MSI_VALUE,OCTOSPIMFreq_Value,PLLCLKFreq_Value,PLLDSIFreq_Value,PLLDSIVCOFreq_Value,PLLI2SPCLKFreq_Value,PLLI2SQCLKFreq_Value,PLLI2SQoutputFreq_Value,PLLI2SRCLKFreq_Value,PLLI2SoutputFreq_Value,PLLM1,PLLMCOFreq_Value,PLLMUL,PLLN,PLLPoutputFreq_Value,PLLQCLKFreq_Value,PLLQoutputFreq_Value,PLLRCLKFreq_Value,PLLRoutputFreq_Value,PLLSAI1N,PLLSAI1PoutputFreq_Value,PLLSAI1QoutputFreq_Value,PLLSAI1RoutputFreq_Value,PLLSAI2PoutputFreq_Value,PLLSAI2QoutputFreq_Value,PLLSAI2RoutputFreq_Value,PLLSourceVirtual,PRESCALERUSB,PWRFreq_Value,RNGFreq_Value,RTCFreq_Value,RTCHSEDivFreq_Value,SAI1AFreq_Value,SAI1BFreq_Value,SAI1Freq_Value,SAI2Freq_Value,SDIOFreq_Value,SDMMCFreq_Value,SWPMI1Freq_Value,SYSCLKFreq_VALUE,SYSCLKSource,SYSCLKSourceVirtual,TIM15Freq_Value,TIM16Freq_Value,TIM17Freq_Value,TIM1Freq_Value,TIM20Freq_Value,TIM2Freq_Value,TIM3Freq_Value,TIM8Freq_Value,UART4Freq_Value,UART5Freq_Value,USART1Freq_Value,USART2Freq_Value,USART3Freq_Value,USBFreq_Value,VCOI2SInputFreq_Value,VCOI2SOutputFreq_Value,VCOInput2Freq_Value,VCOInput3Freq_Value,VCOInputFreq_Value,VCOInputMFreq_Value,VCOOutput2Freq_Value,VCOOutputFreq_Value,VCOSAI1OutputFreq_Value,VCOSAI2OutputFreq_Value,VcooutputI2S,WatchDogFreq_Value
RCC.LCDTFTFreq_Value=32000000
RCC.LPTIM1Freq_Value=60000000
RCC.LPTIM2Freq_Value=60000000
RCC.LPTimerFreq_Value=8000000
RCC.LPUART1Freq_Value=60000000
RCC.LSCOPinFreq_Value=32000
RCC.LSI_VALUE=32000
RCC.MCO1PinFreq_Value=120000000
RCC.MCO2PinFreq_Value=16000000
RCC.MCOFreq_Value=72000000
RCC.MSI_VALUE=4000000
RCC.OCTOSPIMFreq_Value=120000000
RCC.PLLCLKFreq_Value=96000000
RCC.PLLDSIFreq_Value=160000000
RCC.PLLDSIVCOFreq_Value=320000000
RCC.PLLI2SPCLKFreq_Value=48000000
RCC.PLLI2SQCLKFreq_Value=96000000
RCC.PLLI2SQoutputFreq_Value=96000000
RCC.PLLI2SRCLKFreq_Value=96000000
RCC.PLLI2SoutputFreq_Value=48000000
RCC.PLLM1=2
RCC.PLLMCOFreq_Value=72000000
RCC.PLLMUL=RCC_PLL_MUL9
RCC.PLLN=30
RCC.PLLPoutputFreq_Value=120000000
RCC.PLLQCLKFreq_Value=96000000
RCC.PLLQoutputFreq_Value=120000000
RCC.PLLRCLKFreq_Value=120000000
RCC.PLLRoutputFreq_Value=96000000
RCC.PLLSAI1N=12
RCC.PLLSAI1PoutputFreq_Value=96000000
RCC.PLLSAI1QoutputFreq_Value=96000000
RCC.PLLSAI1RoutputFreq_Value=96000000
RCC.PLLSAI2PoutputFreq_Value=64000000
RCC.PLLSAI2QoutputFreq_Value=64000000
RCC.PLLSAI2RoutputFreq_Value=64000000
RCC.PLLSourceVirtual=RCC_PLLSOURCE_HSI
RCC.PRESCALERUSB=RCC_USBCLKSOURCE_PLL_DIV1_5
RCC.PWRFreq_Value=120000000
RCC.RNGFreq_Value=48000000
RCC.RTCFreq_Value=32000
RCC.RTCHSEDivFreq_Value=4000000
RCC.SAI1AFreq_Value=16000000
RCC.SAI1BFreq_Value=16000000
RCC.SAI1Freq_Value=96000000
RCC.SAI2Freq_Value=96000000
RCC.SDIOFreq_Value=96000000
RCC.SDMMCFreq_Value=120000000
RCC.SWPMI1Freq_Value=23666666.666666668
RCC.SYSCLKFreq_VALUE=120000000
RCC.SYSCLKSource=RCC_SYSCLKSOURCE_PLLCLK
RCC.SYSCLKSourceVirtual=RCC_SYSCLKSOURCE_PLLCLK
RCC.TIM15Freq_Value=72000000
RCC.TIM16Freq_Value=72000000
RCC.TIM17Freq_Value=72000000
RCC.TIM1Freq_Value=72000000
RCC.TIM20Freq_Value=72000000
RCC.TIM2Freq_Value=72000000
RCC.TIM3Freq_Value=72000000
RCC.TIM8Freq_Value=72000000
RCC.UART4Freq_Value=60000000
RCC.UART5Freq_Value=60000000
RCC.USART1Freq_Value=120000000
RCC.USART2Freq_Value=60000000
RCC.USART3Freq_Value=60000000
RCC.USBFreq_Value=48000000
RCC.VCOI2SInputFreq_Value=1000000
RCC.VCOI2SOutputFreq_Value=192000000
RCC.VCOInput2Freq_Value=16000000
RCC.VCOInput3Freq_Value=16000000
RCC.VCOInputFreq_Value=8000000
RCC.VCOInputMFreq_Value=500000
RCC.VCOOutput2Freq_Value=8000000
RCC.VCOOutputFreq_Value=240000000
RCC.VCOSAI1OutputFreq_Value=192000000
RCC.VCOSAI2OutputFreq_Value=128000000
RCC.VcooutputI2S=48000000
RCC.WatchDogFreq_Value=32000
SAI1.IPParameters=Instance-SAI_A_AsyncSlave,VirtualMode-SAI_A_AsyncSlave,InitProtocol-SAI_A_AsyncSlave,VirtualProtocol-SAI_A_BASIC
SAI1.InitProtocol-SAI_A_AsyncSlave=Enable
SAI1.Instance-SAI_A_AsyncSlave=SAI$Index_Block_A
SAI1.VirtualMode-SAI_A_AsyncSlave=VM_SLAVE
SAI1.VirtualProtocol-SAI_A_BASIC=VM_BASIC_PROTOCOL
SH.GPXTI13.0=GPIO_EXTI13
SH.GPXTI13.ConfNb=1
STMicroelectronics.X-CUBE-AI.9.1.0.ActivationBufferSizeList=5836
STMicroelectronics.X-CUBE-AI.9.1.0.ActivationBuffers=pool0
STMicroelectronics.X-CUBE-AI.9.1.0.ActivationNames=pool0
STMicroelectronics.X-CUBE-AI.9.1.0.ActivationSizes=AI_SWW_MODEL_DATA_ACTIVATION_1_SIZE
STMicroelectronics.X-CUBE-AI.9.1.0.ArtificialOoIntelligenceJjXAaCUBEAaAI_Checked=true
STMicroelectronics.X-CUBE-AI.9.1.0.HeapSize=0x800
STMicroelectronics.X-CUBE-AI.9.1.0.IPParameters=HeapSize,StackSize,ReadyForCodeGeneration,ModelName-2c55a473fe2cb7c748ffe10757a75eb16c549e0110a52bf4822234593712c284,ModelKind-2c55a473fe2cb7c748ffe10757a75eb16c549e0110a52bf4822234593712c284,ModelCompression-2c55a473fe2cb7c748ffe10757a75eb16c549e0110a52bf4822234593712c284,ModelHashList,ModelNameList,WorkingBufferStartAddrList,LatestDirectoryUsed-2c55a473fe2cb7c748ffe10757a75eb16c549e0110a52bf4822234593712c284,ModelStructureFile-2c55a473fe2cb7c748ffe10757a75eb16c549e0110a52bf4822234593712c284,ModelActualCompression-2c55a473fe2cb7c748ffe10757a75eb16c549e0110a52bf4822234593712c284,ModelFlashOccupation-2c55a473fe2cb7c748ffe10757a75eb16c549e0110a52bf4822234593712c284,ModelMacc-2c55a473fe2cb7c748ffe10757a75eb16c549e0110a52bf4822234593712c284,ModelRamOccupation-2c55a473fe2cb7c748ffe10757a75eb16c549e0110a52bf4822234593712c284,ModelType-2c55a473fe2cb7c748ffe10757a75eb16c549e0110a52bf4822234593712c284,copyWeightToRam,outputDirectory,useInputAllocation,useOutputAllocation,customLayerConfigEnabled,noOnnxIoTranspose,ActivationBuffers,ActivationSizes,ActivationNames,InternalRamActivationBufferMaxSize,ActivationBufferSizeList,MaximumNumberOfInputLayer,MaximumNumberOfOutputLayer,MaximumSizeOfInputLayer,MaximumSizeOfOutputLayer,copyWeightToRam-2c55a473fe2cb7c748ffe10757a75eb16c549e0110a52bf4822234593712c284,useInputAllocation-2c55a473fe2cb7c748ffe10757a75eb16c549e0110a52bf4822234593712c284,useOutputAllocation-2c55a473fe2cb7c748ffe10757a75eb16c549e0110a52bf4822234593712c284,customLayerConfigEnabled-2c55a473fe2cb7c748ffe10757a75eb16c549e0110a52bf4822234593712c284,noOnnxIoTranspose-2c55a473fe2cb7c748ffe10757a75eb16c549e0110a52bf4822234593712c284,XAaCUBEAaAICcArtificialOoIntelligenceJjCore
STMicroelectronics.X-CUBE-AI.9.1.0.InternalRamActivationBufferMaxSize=AI_SWW_MODEL_DATA_ACTIVATIONS_SIZE
STMicroelectronics.X-CUBE-AI.9.1.0.LatestDirectoryUsed-2c55a473fe2cb7c748ffe10757a75eb16c549e0110a52bf4822234593712c284=/Users/jeremy/dev/tiny_mlperf/tiny_jhsyn/benchmark/training/streaming_wakeword/trained_models
STMicroelectronics.X-CUBE-AI.9.1.0.MaximumNumberOfInputLayer=1
STMicroelectronics.X-CUBE-AI.9.1.0.MaximumNumberOfOutputLayer=1
STMicroelectronics.X-CUBE-AI.9.1.0.MaximumSizeOfInputLayer=1
STMicroelectronics.X-CUBE-AI.9.1.0.MaximumSizeOfOutputLayer=1
STMicroelectronics.X-CUBE-AI.9.1.0.ModelActualCompression-2c55a473fe2cb7c748ffe10757a75eb16c549e0110a52bf4822234593712c284=0.0
STMicroelectronics.X-CUBE-AI.9.1.0.ModelCompression-2c55a473fe2cb7c748ffe10757a75eb16c549e0110a52bf4822234593712c284=None
STMicroelectronics.X-CUBE-AI.9.1.0.ModelFlashOccupation-2c55a473fe2cb7c748ffe10757a75eb16c549e0110a52bf4822234593712c284=23520
STMicroelectronics.X-CUBE-AI.9.1.0.ModelHashList=2c55a473fe2cb7c748ffe10757a75eb16c549e0110a52bf4822234593712c284
STMicroelectronics.X-CUBE-AI.9.1.0.ModelKind-2c55a473fe2cb7c748ffe10757a75eb16c549e0110a52bf4822234593712c284=TFLITE
STMicroelectronics.X-CUBE-AI.9.1.0.ModelMacc-2c55a473fe2cb7c748ffe10757a75eb16c549e0110a52bf4822234593712c284=652551
STMicroelectronics.X-CUBE-AI.9.1.0.ModelName-2c55a473fe2cb7c748ffe10757a75eb16c549e0110a52bf4822234593712c284=sww_model
STMicroelectronics.X-CUBE-AI.9.1.0.ModelNameList=sww_model
STMicroelectronics.X-CUBE-AI.9.1.0.ModelRamOccupation-2c55a473fe2cb7c748ffe10757a75eb16c549e0110a52bf4822234593712c284=5836
STMicroelectronics.X-CUBE-AI.9.1.0.ModelStructureFile-2c55a473fe2cb7c748ffe10757a75eb16c549e0110a52bf4822234593712c284=/Users/jeremy/dev/tiny_mlperf/tiny_jhsyn/benchmark/training/streaming_wakeword/trained_models/strm_ww_int8.tflite
STMicroelectronics.X-CUBE-AI.9.1.0.ModelType-2c55a473fe2cb7c748ffe10757a75eb16c549e0110a52bf4822234593712c284=STM32Cube.AI MCU runtime
STMicroelectronics.X-CUBE-AI.9.1.0.ReadyForCodeGeneration=true
STMicroelectronics.X-CUBE-AI.9.1.0.StackSize=0x800
STMicroelectronics.X-CUBE-AI.9.1.0.WorkingBufferStartAddrList=0xFFFFFFFF
STMicroelectronics.X-CUBE-AI.9.1.0.XAaCUBEAaAICcArtificialOoIntelligenceJjCore=true
STMicroelectronics.X-CUBE-AI.9.1.0.copyWeightToRam=false
STMicroelectronics.X-CUBE-AI.9.1.0.copyWeightToRam-2c55a473fe2cb7c748ffe10757a75eb16c549e0110a52bf4822234593712c284=false
STMicroelectronics.X-CUBE-AI.9.1.0.customLayerConfigEnabled=false
STMicroelectronics.X-CUBE-AI.9.1.0.customLayerConfigEnabled-2c55a473fe2cb7c748ffe10757a75eb16c549e0110a52bf4822234593712c284=false
STMicroelectronics.X-CUBE-AI.9.1.0.noOnnxIoTranspose=false
STMicroelectronics.X-CUBE-AI.9.1.0.noOnnxIoTranspose-2c55a473fe2cb7c748ffe10757a75eb16c549e0110a52bf4822234593712c284=false
STMicroelectronics.X-CUBE-AI.9.1.0.outputDirectory=/Users/jeremy/.stm32cubemx/sww_model_output
STMicroelectronics.X-CUBE-AI.9.1.0.useInputAllocation=true
STMicroelectronics.X-CUBE-AI.9.1.0.useInputAllocation-2c55a473fe2cb7c748ffe10757a75eb16c549e0110a52bf4822234593712c284=true
STMicroelectronics.X-CUBE-AI.9.1.0.useOutputAllocation=true
STMicroelectronics.X-CUBE-AI.9.1.0.useOutputAllocation-2c55a473fe2cb7c748ffe10757a75eb16c549e0110a52bf4822234593712c284=true
STMicroelectronics.X-CUBE-AI.9.1.0_SwParameter=XAaCUBEAaAICcArtificialOoIntelligenceJjCore\:true;
TIM16.IPParameters=Prescaler
TIM16.Prescaler=120-1
USART3.IPParameters=VirtualMode-Asynchronous
USART3.VirtualMode-Asynchronous=VM_ASYNC
USB_OTG_FS.IPParameters=VirtualMode
USB_OTG_FS.VirtualMode=Device_Only
VP_SAI1_VP_$IpInstance_SAIA_SAI_BASIC.Mode=SAI_A_BASIC
VP_SAI1_VP_$IpInstance_SAIA_SAI_BASIC.Signal=SAI1_VP_$IpInstance_SAIA_SAI_BASIC
VP_STMicroelectronics.X-CUBE-AI_VS_ArtificialOoIntelligenceJjXAaCUBEAaAI_9.1.0.Mode=ArtificialOoIntelligenceJjXAaCUBEAaAI
VP_STMicroelectronics.X-CUBE-AI_VS_ArtificialOoIntelligenceJjXAaCUBEAaAI_9.1.0.Signal=STMicroelectronics.X-CUBE-AI_VS_ArtificialOoIntelligenceJjXAaCUBEAaAI_9.1.0
VP_SYS_VS_Systick.Mode=SysTick
VP_SYS_VS_Systick.Signal=SYS_VS_Systick
VP_TIM16_VS_ClockSourceINT.Mode=Enable_Timer
VP_TIM16_VS_ClockSourceINT.Signal=TIM16_VS_ClockSourceINT
board=NUCLEO-L4R5ZI
boardIOC=true
isbadioc=false
